
Microsoft Visual Studio Solution File, Format Version 12.00
# Visual Studio Version 17
VisualStudioVersion = 17.0.32112.339
MinimumVisualStudioVersion = 10.0.40219.1
Project("{FAE04EC0-301F-11D3-BF4B-00C04F79EFBC}") = "ManagementSystem", "ManagementSystem.csproj", "{B884EEB2-8331-4F13-ACB9-CAD70A3F6EC6}"
EndProject
Global
	GlobalSection(SolutionConfigurationPlatforms) = preSolution
		Debug|Any CPU = Debug|Any CPU
		Release|Any CPU = Release|Any CPU
	EndGlobalSection
	GlobalSection(ProjectConfigurationPlatforms) = postSolution
		{B884EEB2-8331-4F13-ACB9-CAD70A3F6EC6}.Debug|Any CPU.ActiveCfg = Debug|Any CPU
		{B884EEB2-8331-4F13-ACB9-CAD70A3F6EC6}.Debug|Any CPU.Build.0 = Debug|Any CPU
		{B884EEB2-8331-4F13-ACB9-CAD70A3F6EC6}.Release|Any CPU.ActiveCfg = Release|Any CPU
		{B884EEB2-8331-4F13-ACB9-CAD70A3F6EC6}.Release|Any CPU.Build.0 = Release|Any CPU
	EndGlobalSection
	GlobalSection(SolutionProperties) = preSolution
		HideSolutionNode = FALSE
	EndGlobalSection
	GlobalSection(ExtensibilityGlobals) = postSolution
		SolutionGuid = {E4398637-2F62-488D-BDB5-31FCD69DE0F6}
	EndGlobalSection
EndGlobal
